
Microsoft Visual Studio Solution File, Format Version 12.00
# Visual Studio Version 17
VisualStudioVersion = 17.10.35027.167
MinimumVisualStudioVersion = 10.0.40219.1
Project("{FAE04EC0-301F-11D3-BF4B-00C04F79EFBC}") = "EffectiveMobileTestTask", "EffectiveMobileTestTask\EffectiveMobileTestTask.csproj", "{AFCAE44F-8F5A-470E-A1E1-5981CB997FCA}"
EndProject
Global
	GlobalSection(SolutionConfigurationPlatforms) = preSolution
		Debug|Any CPU = Debug|Any CPU
		Release|Any CPU = Release|Any CPU
	EndGlobalSection
	GlobalSection(ProjectConfigurationPlatforms) = postSolution
		{AFCAE44F-8F5A-470E-A1E1-5981CB997FCA}.Debug|Any CPU.ActiveCfg = Debug|Any CPU
		{AFCAE44F-8F5A-470E-A1E1-5981CB997FCA}.Debug|Any CPU.Build.0 = Debug|Any CPU
		{AFCAE44F-8F5A-470E-A1E1-5981CB997FCA}.Release|Any CPU.ActiveCfg = Release|Any CPU
		{AFCAE44F-8F5A-470E-A1E1-5981CB997FCA}.Release|Any CPU.Build.0 = Release|Any CPU
	EndGlobalSection
	GlobalSection(SolutionProperties) = preSolution
		HideSolutionNode = FALSE
	EndGlobalSection
	GlobalSection(ExtensibilityGlobals) = postSolution
		SolutionGuid = {EB06E1E6-9174-4119-B9E0-8C698AFE7D32}
	EndGlobalSection
EndGlobal
